
Microsoft Visual Studio Solution File, Format Version 12.00
# Visual Studio 15
VisualStudioVersion = 15.0.28307.489
MinimumVisualStudioVersion = 10.0.40219.1
Project("{FAE04EC0-301F-11D3-BF4B-00C04F79EFBC}") = "BlazingsBingWallpaper", "BlazingsBingWallpaper\BlazingsBingWallpaper.csproj", "{F88405DE-33A0-4AE2-8DF7-5035351EAE4D}"
EndProject
Project("{FAE04EC0-301F-11D3-BF4B-00C04F79EFBC}") = "BlazingsBingWallpaperTests", "BlazingsBingWallpaperTests\BlazingsBingWallpaperTests.csproj", "{0594E3E4-9DA3-4580-A059-CF46BA933E63}"
EndProject
Global
	GlobalSection(SolutionConfigurationPlatforms) = preSolution
		Debug|Any CPU = Debug|Any CPU
		Release|Any CPU = Release|Any CPU
	EndGlobalSection
	GlobalSection(ProjectConfigurationPlatforms) = postSolution
		{F88405DE-33A0-4AE2-8DF7-5035351EAE4D}.Debug|Any CPU.ActiveCfg = Debug|Any CPU
		{F88405DE-33A0-4AE2-8DF7-5035351EAE4D}.Debug|Any CPU.Build.0 = Debug|Any CPU
		{F88405DE-33A0-4AE2-8DF7-5035351EAE4D}.Release|Any CPU.ActiveCfg = Release|Any CPU
		{F88405DE-33A0-4AE2-8DF7-5035351EAE4D}.Release|Any CPU.Build.0 = Release|Any CPU
		{0594E3E4-9DA3-4580-A059-CF46BA933E63}.Debug|Any CPU.ActiveCfg = Debug|Any CPU
		{0594E3E4-9DA3-4580-A059-CF46BA933E63}.Debug|Any CPU.Build.0 = Debug|Any CPU
		{0594E3E4-9DA3-4580-A059-CF46BA933E63}.Release|Any CPU.ActiveCfg = Release|Any CPU
		{0594E3E4-9DA3-4580-A059-CF46BA933E63}.Release|Any CPU.Build.0 = Release|Any CPU
	EndGlobalSection
	GlobalSection(SolutionProperties) = preSolution
		HideSolutionNode = FALSE
	EndGlobalSection
	GlobalSection(ExtensibilityGlobals) = postSolution
		SolutionGuid = {327B484B-C353-4E22-91A7-D2E209ABF863}
	EndGlobalSection
EndGlobal
